
Microsoft Visual Studio Solution File, Format Version 12.00
# Visual Studio 15
VisualStudioVersion = 15.0.28010.2050
MinimumVisualStudioVersion = 10.0.40219.1
Project("{FAE04EC0-301F-11D3-BF4B-00C04F79EFBC}") = "LibraryMVVMBindingList", "LibraryMVVMBindingList\LibraryMVVMBindingList.csproj", "{67BE8AFB-BA7C-45A8-97C5-2BFA153CCBDA}"
EndProject
Global
	GlobalSection(SolutionConfigurationPlatforms) = preSolution
		Debug|ARM = Debug|ARM
		Debug|x64 = Debug|x64
		Debug|x86 = Debug|x86
		Release|ARM = Release|ARM
		Release|x64 = Release|x64
		Release|x86 = Release|x86
	EndGlobalSection
	GlobalSection(ProjectConfigurationPlatforms) = postSolution
		{67BE8AFB-BA7C-45A8-97C5-2BFA153CCBDA}.Debug|ARM.ActiveCfg = Debug|ARM
		{67BE8AFB-BA7C-45A8-97C5-2BFA153CCBDA}.Debug|ARM.Build.0 = Debug|ARM
		{67BE8AFB-BA7C-45A8-97C5-2BFA153CCBDA}.Debug|ARM.Deploy.0 = Debug|ARM
		{67BE8AFB-BA7C-45A8-97C5-2BFA153CCBDA}.Debug|x64.ActiveCfg = Debug|x64
		{67BE8AFB-BA7C-45A8-97C5-2BFA153CCBDA}.Debug|x64.Build.0 = Debug|x64
		{67BE8AFB-BA7C-45A8-97C5-2BFA153CCBDA}.Debug|x64.Deploy.0 = Debug|x64
		{67BE8AFB-BA7C-45A8-97C5-2BFA153CCBDA}.Debug|x86.ActiveCfg = Debug|x86
		{67BE8AFB-BA7C-45A8-97C5-2BFA153CCBDA}.Debug|x86.Build.0 = Debug|x86
		{67BE8AFB-BA7C-45A8-97C5-2BFA153CCBDA}.Debug|x86.Deploy.0 = Debug|x86
		{67BE8AFB-BA7C-45A8-97C5-2BFA153CCBDA}.Release|ARM.ActiveCfg = Release|ARM
		{67BE8AFB-BA7C-45A8-97C5-2BFA153CCBDA}.Release|ARM.Build.0 = Release|ARM
		{67BE8AFB-BA7C-45A8-97C5-2BFA153CCBDA}.Release|ARM.Deploy.0 = Release|ARM
		{67BE8AFB-BA7C-45A8-97C5-2BFA153CCBDA}.Release|x64.ActiveCfg = Release|x64
		{67BE8AFB-BA7C-45A8-97C5-2BFA153CCBDA}.Release|x64.Build.0 = Release|x64
		{67BE8AFB-BA7C-45A8-97C5-2BFA153CCBDA}.Release|x64.Deploy.0 = Release|x64
		{67BE8AFB-BA7C-45A8-97C5-2BFA153CCBDA}.Release|x86.ActiveCfg = Release|x86
		{67BE8AFB-BA7C-45A8-97C5-2BFA153CCBDA}.Release|x86.Build.0 = Release|x86
		{67BE8AFB-BA7C-45A8-97C5-2BFA153CCBDA}.Release|x86.Deploy.0 = Release|x86
	EndGlobalSection
	GlobalSection(SolutionProperties) = preSolution
		HideSolutionNode = FALSE
	EndGlobalSection
	GlobalSection(ExtensibilityGlobals) = postSolution
		SolutionGuid = {5099F5C4-0FEA-4446-935F-62B22AE0B815}
	EndGlobalSection
EndGlobal
